
Microsoft Visual Studio Solution File, Format Version 12.00
# Visual Studio Version 17
VisualStudioVersion = 17.8.34322.80
MinimumVisualStudioVersion = 10.0.40219.1
Project("{FAE04EC0-301F-11D3-BF4B-00C04F79EFBC}") = "TaskScheduler", "TaskScheduler\TaskScheduler.csproj", "{59E25E3C-D2F5-4B3D-B29E-0825C372B58F}"
EndProject
Global
	GlobalSection(SolutionConfigurationPlatforms) = preSolution
		Debug|Any CPU = Debug|Any CPU
		Release|Any CPU = Release|Any CPU
	EndGlobalSection
	GlobalSection(ProjectConfigurationPlatforms) = postSolution
		{59E25E3C-D2F5-4B3D-B29E-0825C372B58F}.Debug|Any CPU.ActiveCfg = Debug|Any CPU
		{59E25E3C-D2F5-4B3D-B29E-0825C372B58F}.Debug|Any CPU.Build.0 = Debug|Any CPU
		{59E25E3C-D2F5-4B3D-B29E-0825C372B58F}.Release|Any CPU.ActiveCfg = Release|Any CPU
		{59E25E3C-D2F5-4B3D-B29E-0825C372B58F}.Release|Any CPU.Build.0 = Release|Any CPU
	EndGlobalSection
	GlobalSection(SolutionProperties) = preSolution
		HideSolutionNode = FALSE
	EndGlobalSection
	GlobalSection(ExtensibilityGlobals) = postSolution
		SolutionGuid = {DB157FA0-DD0A-4A8A-A3CF-D95BE0262BD6}
	EndGlobalSection
EndGlobal
